
Microsoft Visual Studio Solution File, Format Version 12.00
# Visual Studio Version 17
VisualStudioVersion = 17.8.34525.116
MinimumVisualStudioVersion = 10.0.40219.1
Project("{FAE04EC0-301F-11D3-BF4B-00C04F79EFBC}") = "WPF_SemesterProject", "WPF_SemesterProject\WPF_SemesterProject.csproj", "{38F4E165-16F3-461D-BFB3-DCBE9971D257}"
EndProject
Global
	GlobalSection(SolutionConfigurationPlatforms) = preSolution
		Debug|Any CPU = Debug|Any CPU
		Release|Any CPU = Release|Any CPU
	EndGlobalSection
	GlobalSection(ProjectConfigurationPlatforms) = postSolution
		{38F4E165-16F3-461D-BFB3-DCBE9971D257}.Debug|Any CPU.ActiveCfg = Debug|Any CPU
		{38F4E165-16F3-461D-BFB3-DCBE9971D257}.Debug|Any CPU.Build.0 = Debug|Any CPU
		{38F4E165-16F3-461D-BFB3-DCBE9971D257}.Release|Any CPU.ActiveCfg = Release|Any CPU
		{38F4E165-16F3-461D-BFB3-DCBE9971D257}.Release|Any CPU.Build.0 = Release|Any CPU
	EndGlobalSection
	GlobalSection(SolutionProperties) = preSolution
		HideSolutionNode = FALSE
	EndGlobalSection
	GlobalSection(ExtensibilityGlobals) = postSolution
		SolutionGuid = {3C72152D-19E1-43AA-BE52-EDDD7276C6AB}
	EndGlobalSection
EndGlobal
